
Microsoft Visual Studio Solution File, Format Version 12.00
# Visual Studio 15
VisualStudioVersion = 15.0.27428.2015
MinimumVisualStudioVersion = 10.0.40219.1
Project("{9A19103F-16F7-4668-BE54-9A1E7A4F7556}") = "SocialNetwork", "SocialNetwork\SocialNetwork.csproj", "{242EFC52-127D-459D-83FB-583119FF0E4C}"
EndProject
Project("{FAE04EC0-301F-11D3-BF4B-00C04F79EFBC}") = "SocialNetwork.UnitTests", "SocialNetwork.UnitTests\SocialNetwork.UnitTests.csproj", "{E6016B7F-B880-411A-93C3-1EEEDB03B637}"
EndProject
Global
	GlobalSection(SolutionConfigurationPlatforms) = preSolution
		Debug|Any CPU = Debug|Any CPU
		Release|Any CPU = Release|Any CPU
	EndGlobalSection
	GlobalSection(ProjectConfigurationPlatforms) = postSolution
		{242EFC52-127D-459D-83FB-583119FF0E4C}.Debug|Any CPU.ActiveCfg = Debug|Any CPU
		{242EFC52-127D-459D-83FB-583119FF0E4C}.Debug|Any CPU.Build.0 = Debug|Any CPU
		{242EFC52-127D-459D-83FB-583119FF0E4C}.Release|Any CPU.ActiveCfg = Release|Any CPU
		{242EFC52-127D-459D-83FB-583119FF0E4C}.Release|Any CPU.Build.0 = Release|Any CPU
		{E6016B7F-B880-411A-93C3-1EEEDB03B637}.Debug|Any CPU.ActiveCfg = Debug|Any CPU
		{E6016B7F-B880-411A-93C3-1EEEDB03B637}.Debug|Any CPU.Build.0 = Debug|Any CPU
		{E6016B7F-B880-411A-93C3-1EEEDB03B637}.Release|Any CPU.ActiveCfg = Release|Any CPU
		{E6016B7F-B880-411A-93C3-1EEEDB03B637}.Release|Any CPU.Build.0 = Release|Any CPU
	EndGlobalSection
	GlobalSection(SolutionProperties) = preSolution
		HideSolutionNode = FALSE
	EndGlobalSection
	GlobalSection(ExtensibilityGlobals) = postSolution
		SolutionGuid = {9E4F2880-BF73-450A-8F2B-C1878D1BD961}
	EndGlobalSection
EndGlobal
